
Microsoft Visual Studio Solution File, Format Version 12.00
# Visual Studio Version 17
VisualStudioVersion = 17.0.31903.59
MinimumVisualStudioVersion = 10.0.40219.1
Project("{9A19103F-16F7-4668-BE54-9A1E7A4F7556}") = "LoadBalancer", "LoadBalancer\LoadBalancer.csproj", "{A2FADAFC-E614-45C0-A0DB-98D39810DEDF}"
EndProject
Project("{9A19103F-16F7-4668-BE54-9A1E7A4F7556}") = "Server", "Server\Server.csproj", "{EA80D470-4396-4D55-B2FA-4F0F4EEB974C}"
EndProject
Project("{9A19103F-16F7-4668-BE54-9A1E7A4F7556}") = "Client", "Client\Client.csproj", "{FC71FAEB-79ED-477D-84E7-1DFFB0D3C7A6}"
EndProject
Project("{9A19103F-16F7-4668-BE54-9A1E7A4F7556}") = "AuthServer", "AuthServer\AuthServer.csproj", "{DA612944-9C77-4EBB-9B3F-18FF9EEE9F40}"
EndProject
Project("{FAE04EC0-301F-11D3-BF4B-00C04F79EFBC}") = "ChatServer", "ChatServer\ChatServer.csproj", "{12F7724D-790E-45EA-B07D-99D6FC424E3D}"
EndProject
Global
	GlobalSection(SolutionConfigurationPlatforms) = preSolution
		Debug|Any CPU = Debug|Any CPU
		Release|Any CPU = Release|Any CPU
	EndGlobalSection
	GlobalSection(ProjectConfigurationPlatforms) = postSolution
		{A2FADAFC-E614-45C0-A0DB-98D39810DEDF}.Debug|Any CPU.ActiveCfg = Debug|Any CPU
		{A2FADAFC-E614-45C0-A0DB-98D39810DEDF}.Debug|Any CPU.Build.0 = Debug|Any CPU
		{A2FADAFC-E614-45C0-A0DB-98D39810DEDF}.Release|Any CPU.ActiveCfg = Release|Any CPU
		{A2FADAFC-E614-45C0-A0DB-98D39810DEDF}.Release|Any CPU.Build.0 = Release|Any CPU
		{EA80D470-4396-4D55-B2FA-4F0F4EEB974C}.Debug|Any CPU.ActiveCfg = Debug|Any CPU
		{EA80D470-4396-4D55-B2FA-4F0F4EEB974C}.Debug|Any CPU.Build.0 = Debug|Any CPU
		{EA80D470-4396-4D55-B2FA-4F0F4EEB974C}.Release|Any CPU.ActiveCfg = Release|Any CPU
		{EA80D470-4396-4D55-B2FA-4F0F4EEB974C}.Release|Any CPU.Build.0 = Release|Any CPU
		{FC71FAEB-79ED-477D-84E7-1DFFB0D3C7A6}.Debug|Any CPU.ActiveCfg = Debug|Any CPU
		{FC71FAEB-79ED-477D-84E7-1DFFB0D3C7A6}.Debug|Any CPU.Build.0 = Debug|Any CPU
		{FC71FAEB-79ED-477D-84E7-1DFFB0D3C7A6}.Release|Any CPU.ActiveCfg = Release|Any CPU
		{FC71FAEB-79ED-477D-84E7-1DFFB0D3C7A6}.Release|Any CPU.Build.0 = Release|Any CPU
		{DA612944-9C77-4EBB-9B3F-18FF9EEE9F40}.Debug|Any CPU.ActiveCfg = Debug|Any CPU
		{DA612944-9C77-4EBB-9B3F-18FF9EEE9F40}.Debug|Any CPU.Build.0 = Debug|Any CPU
		{DA612944-9C77-4EBB-9B3F-18FF9EEE9F40}.Release|Any CPU.ActiveCfg = Release|Any CPU
		{DA612944-9C77-4EBB-9B3F-18FF9EEE9F40}.Release|Any CPU.Build.0 = Release|Any CPU
		{12F7724D-790E-45EA-B07D-99D6FC424E3D}.Debug|Any CPU.ActiveCfg = Debug|Any CPU
		{12F7724D-790E-45EA-B07D-99D6FC424E3D}.Debug|Any CPU.Build.0 = Debug|Any CPU
		{12F7724D-790E-45EA-B07D-99D6FC424E3D}.Release|Any CPU.ActiveCfg = Release|Any CPU
		{12F7724D-790E-45EA-B07D-99D6FC424E3D}.Release|Any CPU.Build.0 = Release|Any CPU
	EndGlobalSection
	GlobalSection(SolutionProperties) = preSolution
		HideSolutionNode = FALSE
	EndGlobalSection
	GlobalSection(ExtensibilityGlobals) = postSolution
		SolutionGuid = {F2D1DC88-14ED-427D-95B9-30402EF8115C}
	EndGlobalSection
EndGlobal
